
Microsoft Visual Studio Solution File, Format Version 12.00
# Visual Studio Version 17
VisualStudioVersion = 17.11.35327.3
MinimumVisualStudioVersion = 10.0.40219.1
Project("{8BC9CEB8-8B4A-11D0-8D11-00A0C91BC942}") = "tiny_bvh_test", "tiny_bvh_test.vcxproj", "{0B5C86B2-9438-49E3-BF1A-4E1593BB436D}"
EndProject
Global
	GlobalSection(SolutionConfigurationPlatforms) = preSolution
		Debug|x64 = Debug|x64
		Debug|x86 = Debug|x86
		Release|x64 = Release|x64
		Release|x86 = Release|x86
	EndGlobalSection
	GlobalSection(ProjectConfigurationPlatforms) = postSolution
		{0B5C86B2-9438-49E3-BF1A-4E1593BB436D}.Debug|x64.ActiveCfg = Debug|x64
		{0B5C86B2-9438-49E3-BF1A-4E1593BB436D}.Debug|x64.Build.0 = Debug|x64
		{0B5C86B2-9438-49E3-BF1A-4E1593BB436D}.Debug|x86.ActiveCfg = Debug|Win32
		{0B5C86B2-9438-49E3-BF1A-4E1593BB436D}.Debug|x86.Build.0 = Debug|Win32
		{0B5C86B2-9438-49E3-BF1A-4E1593BB436D}.Release|x64.ActiveCfg = Release|x64
		{0B5C86B2-9438-49E3-BF1A-4E1593BB436D}.Release|x64.Build.0 = Release|x64
		{0B5C86B2-9438-49E3-BF1A-4E1593BB436D}.Release|x86.ActiveCfg = Release|Win32
		{0B5C86B2-9438-49E3-BF1A-4E1593BB436D}.Release|x86.Build.0 = Release|Win32
	EndGlobalSection
	GlobalSection(SolutionProperties) = preSolution
		HideSolutionNode = FALSE
	EndGlobalSection
	GlobalSection(ExtensibilityGlobals) = postSolution
		SolutionGuid = {B8CD9F5E-E80D-4869-8EAF-4CB3274EB183}
	EndGlobalSection
EndGlobal
