
Microsoft Visual Studio Solution File, Format Version 12.00
# Visual Studio Version 17
VisualStudioVersion = 17.11.35327.3
MinimumVisualStudioVersion = 10.0.40219.1
Project("{8BC9CEB8-8B4A-11D0-8D11-00A0C91BC942}") = "tiny_bvh_fenster", "vcproj\tiny_bvh_fenster.vcxproj", "{C668A5EF-8E6A-4060-89C2-ED0AFFF0EE90}"
EndProject
Project("{8BC9CEB8-8B4A-11D0-8D11-00A0C91BC942}") = "tiny_bvh_renderer", "vcproj\tiny_bvh_renderer.vcxproj", "{103715F7-8E20-4058-B18C-CAF6E36F23B2}"
EndProject
Project("{8BC9CEB8-8B4A-11D0-8D11-00A0C91BC942}") = "tiny_bvh_test", "vcproj\tiny_bvh_test.vcxproj", "{0B5C86B2-9438-49E3-BF1A-4E1593BB436D}"
EndProject
Project("{8BC9CEB8-8B4A-11D0-8D11-00A0C91BC942}") = "tiny_bvh_speedtest", "vcproj\tiny_bvh_speedtest.vcxproj", "{547F1A98-C394-46FB-AF15-3DB009D758FA}"
EndProject
Global
	GlobalSection(SolutionConfigurationPlatforms) = preSolution
		Debug|x64 = Debug|x64
		Release|x64 = Release|x64
	EndGlobalSection
	GlobalSection(ProjectConfigurationPlatforms) = postSolution
		{C668A5EF-8E6A-4060-89C2-ED0AFFF0EE90}.Debug|x64.ActiveCfg = Debug|x64
		{C668A5EF-8E6A-4060-89C2-ED0AFFF0EE90}.Debug|x64.Build.0 = Debug|x64
		{C668A5EF-8E6A-4060-89C2-ED0AFFF0EE90}.Release|x64.ActiveCfg = Release|x64
		{C668A5EF-8E6A-4060-89C2-ED0AFFF0EE90}.Release|x64.Build.0 = Release|x64
		{103715F7-8E20-4058-B18C-CAF6E36F23B2}.Debug|x64.ActiveCfg = Debug|x64
		{103715F7-8E20-4058-B18C-CAF6E36F23B2}.Debug|x64.Build.0 = Debug|x64
		{103715F7-8E20-4058-B18C-CAF6E36F23B2}.Release|x64.ActiveCfg = Release|x64
		{103715F7-8E20-4058-B18C-CAF6E36F23B2}.Release|x64.Build.0 = Release|x64
		{0B5C86B2-9438-49E3-BF1A-4E1593BB436D}.Debug|x64.ActiveCfg = Debug|x64
		{0B5C86B2-9438-49E3-BF1A-4E1593BB436D}.Debug|x64.Build.0 = Debug|x64
		{0B5C86B2-9438-49E3-BF1A-4E1593BB436D}.Release|x64.ActiveCfg = Release|x64
		{0B5C86B2-9438-49E3-BF1A-4E1593BB436D}.Release|x64.Build.0 = Release|x64
		{547F1A98-C394-46FB-AF15-3DB009D758FA}.Debug|x64.ActiveCfg = Debug|x64
		{547F1A98-C394-46FB-AF15-3DB009D758FA}.Debug|x64.Build.0 = Debug|x64
		{547F1A98-C394-46FB-AF15-3DB009D758FA}.Release|x64.ActiveCfg = Release|x64
		{547F1A98-C394-46FB-AF15-3DB009D758FA}.Release|x64.Build.0 = Release|x64
	EndGlobalSection
	GlobalSection(SolutionProperties) = preSolution
		HideSolutionNode = FALSE
	EndGlobalSection
	GlobalSection(ExtensibilityGlobals) = postSolution
		SolutionGuid = {B8CD9F5E-E80D-4869-8EAF-4CB3274EB183}
	EndGlobalSection
EndGlobal
